
Microsoft Visual Studio Solution File, Format Version 12.00
# Visual Studio 14
VisualStudioVersion = 14.0.25123.0
MinimumVisualStudioVersion = 10.0.40219.1
Project("{2150E333-8FDC-42A3-9474-1A3956D46DE8}") = "Engine", "Engine", "{B2DEE3B6-2821-4DAD-918E-3782A8CABA4F}"
EndProject
Project("{2150E333-8FDC-42A3-9474-1A3956D46DE8}") = "Games", "Games", "{425160AA-FD95-49C3-9F8D-AAC776E203C9}"
EndProject
Project("{8BC9CEB8-8B4A-11D0-8D11-00A0C91BC942}") = "UE4", "Intermediate\ProjectFiles\UE4.vcxproj", "{EAE35655-38E6-49A9-BF58-DD69813C5F0E}"
EndProject
Project("{8BC9CEB8-8B4A-11D0-8D11-00A0C91BC942}") = "SpecterFront", "Intermediate\ProjectFiles\SpecterFront.vcxproj", "{5D725C33-C57C-4C57-86E0-1F5F1A1405F7}"
EndProject
Global
	GlobalSection(SolutionConfigurationPlatforms) = preSolution
		DebugGame Editor|HTML5 = DebugGame Editor|HTML5
		DebugGame Editor|Win32 = DebugGame Editor|Win32
		DebugGame Editor|Win64 = DebugGame Editor|Win64
		DebugGame|HTML5 = DebugGame|HTML5
		DebugGame|Win32 = DebugGame|Win32
		DebugGame|Win64 = DebugGame|Win64
		Development Editor|HTML5 = Development Editor|HTML5
		Development Editor|Win32 = Development Editor|Win32
		Development Editor|Win64 = Development Editor|Win64
		Development|HTML5 = Development|HTML5
		Development|Win32 = Development|Win32
		Development|Win64 = Development|Win64
		Shipping|HTML5 = Shipping|HTML5
		Shipping|Win32 = Shipping|Win32
		Shipping|Win64 = Shipping|Win64
	EndGlobalSection
	GlobalSection(ProjectConfigurationPlatforms) = postSolution
		{EAE35655-38E6-49A9-BF58-DD69813C5F0E}.DebugGame Editor|HTML5.ActiveCfg = BuiltWithUnrealBuildTool|Win32
		{EAE35655-38E6-49A9-BF58-DD69813C5F0E}.DebugGame Editor|HTML5.Build.0 = BuiltWithUnrealBuildTool|Win32
		{EAE35655-38E6-49A9-BF58-DD69813C5F0E}.DebugGame Editor|Win32.ActiveCfg = BuiltWithUnrealBuildTool|Win32
		{EAE35655-38E6-49A9-BF58-DD69813C5F0E}.DebugGame Editor|Win32.Build.0 = BuiltWithUnrealBuildTool|Win32
		{EAE35655-38E6-49A9-BF58-DD69813C5F0E}.DebugGame Editor|Win64.ActiveCfg = BuiltWithUnrealBuildTool|Win32
		{EAE35655-38E6-49A9-BF58-DD69813C5F0E}.DebugGame Editor|Win64.Build.0 = BuiltWithUnrealBuildTool|Win32
		{EAE35655-38E6-49A9-BF58-DD69813C5F0E}.DebugGame|HTML5.ActiveCfg = BuiltWithUnrealBuildTool|Win32
		{EAE35655-38E6-49A9-BF58-DD69813C5F0E}.DebugGame|HTML5.Build.0 = BuiltWithUnrealBuildTool|Win32
		{EAE35655-38E6-49A9-BF58-DD69813C5F0E}.DebugGame|Win32.ActiveCfg = BuiltWithUnrealBuildTool|Win32
		{EAE35655-38E6-49A9-BF58-DD69813C5F0E}.DebugGame|Win32.Build.0 = BuiltWithUnrealBuildTool|Win32
		{EAE35655-38E6-49A9-BF58-DD69813C5F0E}.DebugGame|Win64.ActiveCfg = BuiltWithUnrealBuildTool|Win32
		{EAE35655-38E6-49A9-BF58-DD69813C5F0E}.DebugGame|Win64.Build.0 = BuiltWithUnrealBuildTool|Win32
		{EAE35655-38E6-49A9-BF58-DD69813C5F0E}.Development Editor|HTML5.ActiveCfg = BuiltWithUnrealBuildTool|Win32
		{EAE35655-38E6-49A9-BF58-DD69813C5F0E}.Development Editor|HTML5.Build.0 = BuiltWithUnrealBuildTool|Win32
		{EAE35655-38E6-49A9-BF58-DD69813C5F0E}.Development Editor|Win32.ActiveCfg = BuiltWithUnrealBuildTool|Win32
		{EAE35655-38E6-49A9-BF58-DD69813C5F0E}.Development Editor|Win32.Build.0 = BuiltWithUnrealBuildTool|Win32
		{EAE35655-38E6-49A9-BF58-DD69813C5F0E}.Development Editor|Win64.ActiveCfg = BuiltWithUnrealBuildTool|Win32
		{EAE35655-38E6-49A9-BF58-DD69813C5F0E}.Development Editor|Win64.Build.0 = BuiltWithUnrealBuildTool|Win32
		{EAE35655-38E6-49A9-BF58-DD69813C5F0E}.Development|HTML5.ActiveCfg = BuiltWithUnrealBuildTool|Win32
		{EAE35655-38E6-49A9-BF58-DD69813C5F0E}.Development|HTML5.Build.0 = BuiltWithUnrealBuildTool|Win32
		{EAE35655-38E6-49A9-BF58-DD69813C5F0E}.Development|Win32.ActiveCfg = BuiltWithUnrealBuildTool|Win32
		{EAE35655-38E6-49A9-BF58-DD69813C5F0E}.Development|Win32.Build.0 = BuiltWithUnrealBuildTool|Win32
		{EAE35655-38E6-49A9-BF58-DD69813C5F0E}.Development|Win64.ActiveCfg = BuiltWithUnrealBuildTool|Win32
		{EAE35655-38E6-49A9-BF58-DD69813C5F0E}.Development|Win64.Build.0 = BuiltWithUnrealBuildTool|Win32
		{EAE35655-38E6-49A9-BF58-DD69813C5F0E}.Shipping|HTML5.ActiveCfg = BuiltWithUnrealBuildTool|Win32
		{EAE35655-38E6-49A9-BF58-DD69813C5F0E}.Shipping|HTML5.Build.0 = BuiltWithUnrealBuildTool|Win32
		{EAE35655-38E6-49A9-BF58-DD69813C5F0E}.Shipping|Win32.ActiveCfg = BuiltWithUnrealBuildTool|Win32
		{EAE35655-38E6-49A9-BF58-DD69813C5F0E}.Shipping|Win32.Build.0 = BuiltWithUnrealBuildTool|Win32
		{EAE35655-38E6-49A9-BF58-DD69813C5F0E}.Shipping|Win64.ActiveCfg = BuiltWithUnrealBuildTool|Win32
		{EAE35655-38E6-49A9-BF58-DD69813C5F0E}.Shipping|Win64.Build.0 = BuiltWithUnrealBuildTool|Win32
		{5D725C33-C57C-4C57-86E0-1F5F1A1405F7}.DebugGame Editor|HTML5.ActiveCfg = HTML5_DebugGame_Editor|Win32
		{5D725C33-C57C-4C57-86E0-1F5F1A1405F7}.DebugGame Editor|Win32.ActiveCfg = DebugGame_Editor|Win32
		{5D725C33-C57C-4C57-86E0-1F5F1A1405F7}.DebugGame Editor|Win64.ActiveCfg = DebugGame_Editor|x64
		{5D725C33-C57C-4C57-86E0-1F5F1A1405F7}.DebugGame Editor|Win64.Build.0 = DebugGame_Editor|x64
		{5D725C33-C57C-4C57-86E0-1F5F1A1405F7}.DebugGame|HTML5.ActiveCfg = HTML5_DebugGame_Game|Win32
		{5D725C33-C57C-4C57-86E0-1F5F1A1405F7}.DebugGame|HTML5.Build.0 = HTML5_DebugGame_Game|Win32
		{5D725C33-C57C-4C57-86E0-1F5F1A1405F7}.DebugGame|Win32.ActiveCfg = DebugGame_Game|Win32
		{5D725C33-C57C-4C57-86E0-1F5F1A1405F7}.DebugGame|Win32.Build.0 = DebugGame_Game|Win32
		{5D725C33-C57C-4C57-86E0-1F5F1A1405F7}.DebugGame|Win64.ActiveCfg = DebugGame_Game|x64
		{5D725C33-C57C-4C57-86E0-1F5F1A1405F7}.DebugGame|Win64.Build.0 = DebugGame_Game|x64
		{5D725C33-C57C-4C57-86E0-1F5F1A1405F7}.Development Editor|HTML5.ActiveCfg = HTML5_Development_Editor|Win32
		{5D725C33-C57C-4C57-86E0-1F5F1A1405F7}.Development Editor|Win32.ActiveCfg = Development_Editor|Win32
		{5D725C33-C57C-4C57-86E0-1F5F1A1405F7}.Development Editor|Win64.ActiveCfg = Development_Editor|x64
		{5D725C33-C57C-4C57-86E0-1F5F1A1405F7}.Development Editor|Win64.Build.0 = Development_Editor|x64
		{5D725C33-C57C-4C57-86E0-1F5F1A1405F7}.Development|HTML5.ActiveCfg = HTML5_Development_Game|Win32
		{5D725C33-C57C-4C57-86E0-1F5F1A1405F7}.Development|HTML5.Build.0 = HTML5_Development_Game|Win32
		{5D725C33-C57C-4C57-86E0-1F5F1A1405F7}.Development|Win32.ActiveCfg = Development_Game|Win32
		{5D725C33-C57C-4C57-86E0-1F5F1A1405F7}.Development|Win32.Build.0 = Development_Game|Win32
		{5D725C33-C57C-4C57-86E0-1F5F1A1405F7}.Development|Win64.ActiveCfg = Development_Game|x64
		{5D725C33-C57C-4C57-86E0-1F5F1A1405F7}.Development|Win64.Build.0 = Development_Game|x64
		{5D725C33-C57C-4C57-86E0-1F5F1A1405F7}.Shipping|HTML5.ActiveCfg = HTML5_Shipping_Game|Win32
		{5D725C33-C57C-4C57-86E0-1F5F1A1405F7}.Shipping|HTML5.Build.0 = HTML5_Shipping_Game|Win32
		{5D725C33-C57C-4C57-86E0-1F5F1A1405F7}.Shipping|Win32.ActiveCfg = Shipping_Game|Win32
		{5D725C33-C57C-4C57-86E0-1F5F1A1405F7}.Shipping|Win32.Build.0 = Shipping_Game|Win32
		{5D725C33-C57C-4C57-86E0-1F5F1A1405F7}.Shipping|Win64.ActiveCfg = Shipping_Game|x64
		{5D725C33-C57C-4C57-86E0-1F5F1A1405F7}.Shipping|Win64.Build.0 = Shipping_Game|x64
	EndGlobalSection
	GlobalSection(SolutionProperties) = preSolution
		HideSolutionNode = FALSE
	EndGlobalSection
	GlobalSection(NestedProjects) = preSolution
		{EAE35655-38E6-49A9-BF58-DD69813C5F0E} = {B2DEE3B6-2821-4DAD-918E-3782A8CABA4F}
		{5D725C33-C57C-4C57-86E0-1F5F1A1405F7} = {425160AA-FD95-49C3-9F8D-AAC776E203C9}
	EndGlobalSection
EndGlobal
